
Microsoft Visual Studio Solution File, Format Version 12.00
# Visual Studio Version 17
VisualStudioVersion = 17.8.34309.116
MinimumVisualStudioVersion = 10.0.40219.1
Project("{FAE04EC0-301F-11D3-BF4B-00C04F79EFBC}") = "Registration Helper for BSc CSE (AIUB) Form", "Registration Helper for BSc CSE (AIUB) Form\Registration Helper for BSc CSE (AIUB) Form.csproj", "{A6488189-FA29-4BD6-9BE9-8A86427FBD0A}"
EndProject
Global
	GlobalSection(SolutionConfigurationPlatforms) = preSolution
		Debug|Any CPU = Debug|Any CPU
		Release|Any CPU = Release|Any CPU
	EndGlobalSection
	GlobalSection(ProjectConfigurationPlatforms) = postSolution
		{A6488189-FA29-4BD6-9BE9-8A86427FBD0A}.Debug|Any CPU.ActiveCfg = Debug|Any CPU
		{A6488189-FA29-4BD6-9BE9-8A86427FBD0A}.Debug|Any CPU.Build.0 = Debug|Any CPU
		{A6488189-FA29-4BD6-9BE9-8A86427FBD0A}.Release|Any CPU.ActiveCfg = Release|Any CPU
		{A6488189-FA29-4BD6-9BE9-8A86427FBD0A}.Release|Any CPU.Build.0 = Release|Any CPU
	EndGlobalSection
	GlobalSection(SolutionProperties) = preSolution
		HideSolutionNode = FALSE
	EndGlobalSection
	GlobalSection(ExtensibilityGlobals) = postSolution
		SolutionGuid = {1CF05BE0-429E-4239-8E2F-F1F22436AA35}
	EndGlobalSection
EndGlobal
